{
    "_meta": {
        "hash": {
            "sha256": "e2a802c54f4f7e86c1260c76d7b81932a5c1362e0b72111a3a111dc65e35561d"
        },
        "pipfile-spec": 6,
        "requires": {
            "python_version": "3.6"
        },
        "sources": [
            {
                "name": "pypi",
                "url": "https://pypi.org/simple",
                "verify_ssl": true
            }
        ]
    },
    "default": {
        "certifi": {
            "hashes": [
                "sha256:017c25db2a153ce562900032d5bc68e9f191e44e9a0f762f373977de9df1fbb3",
                "sha256:25b64c7da4cd7479594d035c08c2d809eb4aab3a26e5a990ea98cc450c320f1f"
            ],
            "version": "==2019.11.28"
        },
        "chardet": {
            "hashes": [
                "sha256:84ab92ed1c4d4f16916e05906b6b75a6c0fb5db821cc65e70cbd64a3e2a5eaae",
                "sha256:fc323ffcaeaed0e0a02bf4d117757b98aed530d9ed4531e3e15460124c106691"
            ],
            "version": "==3.0.4"
        },
        "click": {
            "hashes": [
                "sha256:29f99fc6125fbc931b758dc053b3114e55c77a6e4c6c3a2674a2dc986016381d",
                "sha256:f15516df478d5a56180fbf80e68f206010e6d160fc39fa508b65e035fd75130b"
            ],
            "index": "pypi",
            "version": "==6.7"
        },
        "idna": {
            "hashes": [
                "sha256:156a6814fb5ac1fc6850fb002e0852d56c0c8d2531923a51032d1b70760e186e",
                "sha256:684a38a6f903c1d71d6d5fac066b58d7768af4de2b832e426ec79c30daa94a16"
            ],
            "version": "==2.7"
        },
        "progressbar2": {
            "hashes": [
                "sha256:84cb2b81274e9d83a952dc4517f953fbaf1e040b90638e68d54fc18e7dd47030",
                "sha256:d209f8c13672724bbb7bbf76e7ffedaa0bcdac32dc8db68a627bbabfd6c75de0"
            ],
            "index": "pypi",
            "version": "==3.38.0"
        },
        "pyperclip": {
            "hashes": [
                "sha256:f70e83d27c445795b6bf98c2bc826bbf2d0d63d4c7f83091c8064439042ba0dc"
            ],
            "index": "pypi",
            "version": "==1.6.4"
        },
        "python-utils": {
            "hashes": [
                "sha256:ebaadab29d0cb9dca0a82eab9c405f5be5125dbbff35b8f32cc433fa498dbaa7",
                "sha256:f21fc09ff58ea5ebd1fd2e8ef7f63e39d456336900f26bdc9334a03a3f7d8089"
            ],
            "version": "==2.4.0"
        },
        "requests": {
            "hashes": [
                "sha256:99dcfdaaeb17caf6e526f32b6a7b780461512ab3f1d992187801694cba42770c",
                "sha256:a84b8c9ab6239b578f22d1c21d51b696dcfe004032bb80ea832398d6909d7279"
            ],
            "index": "pypi",
            "version": "==2.20.0"
        },
        "six": {
            "hashes": [
                "sha256:236bdbdce46e6e6a3d61a337c0f8b763ca1e8717c03b369e87a7ec7ce1319c0a",
                "sha256:8f3cd2e254d8f793e7f3d6d9df77b92252b52637291d0f0da013c76ea2724b6c"
            ],
            "version": "==1.14.0"
        },
        "urllib3": {
            "hashes": [
                "sha256:2393a695cd12afedd0dcb26fe5d50d0cf248e5a66f75dbd89a3d4eb333a61af4",
                "sha256:a637e5fae88995b256e3409dc4d52c2e2e0ba32c42a6365fee8bbd2238de3cfb"
            ],
            "version": "==1.24.3"
        }
    },
    "develop": {}
}
